
Microsoft Visual Studio Solution File, Format Version 12.00
# Visual Studio Version 17
VisualStudioVersion = 17.11.35327.3
MinimumVisualStudioVersion = 10.0.40219.1
Project("{FAE04EC0-301F-11D3-BF4B-00C04F79EFBC}") = "DiscordBotForm", "DiscordBotForm\DiscordBotForm.csproj", "{83B6E798-C1EE-4C7B-97B1-7526219A24C3}"
EndProject
Global
	GlobalSection(SolutionConfigurationPlatforms) = preSolution
		Debug|Any CPU = Debug|Any CPU
		Release|Any CPU = Release|Any CPU
	EndGlobalSection
	GlobalSection(ProjectConfigurationPlatforms) = postSolution
		{83B6E798-C1EE-4C7B-97B1-7526219A24C3}.Debug|Any CPU.ActiveCfg = Debug|Any CPU
		{83B6E798-C1EE-4C7B-97B1-7526219A24C3}.Debug|Any CPU.Build.0 = Debug|Any CPU
		{83B6E798-C1EE-4C7B-97B1-7526219A24C3}.Release|Any CPU.ActiveCfg = Release|Any CPU
		{83B6E798-C1EE-4C7B-97B1-7526219A24C3}.Release|Any CPU.Build.0 = Release|Any CPU
	EndGlobalSection
	GlobalSection(SolutionProperties) = preSolution
		HideSolutionNode = FALSE
	EndGlobalSection
	GlobalSection(ExtensibilityGlobals) = postSolution
		SolutionGuid = {B5ACA54F-BA2C-44FB-A58C-CF8073A6280C}
	EndGlobalSection
EndGlobal
